
Microsoft Visual Studio Solution File, Format Version 12.00
# Visual Studio Version 16
VisualStudioVersion = 16.0.29215.179
MinimumVisualStudioVersion = 10.0.40219.1
Project("{9A19103F-16F7-4668-BE54-9A1E7A4F7556}") = "ESCPOS.csproj", "ESCPOS\ESCPOS.csproj", "{69B133DE-222B-4061-BC13-CE345CF176FD}"
EndProject
Project("{FAE04EC0-301F-11D3-BF4B-00C04F79EFBC}") = "ESCPOSTest", "ESCPOSTest\ESCPOSTest.csproj", "{A4759F20-0E7D-41A5-B0C0-239FED8D9383}"
EndProject
Global
	GlobalSection(SolutionConfigurationPlatforms) = preSolution
		Debug|Any CPU = Debug|Any CPU
		Release|Any CPU = Release|Any CPU
	EndGlobalSection
	GlobalSection(ProjectConfigurationPlatforms) = postSolution
		{69B133DE-222B-4061-BC13-CE345CF176FD}.Debug|Any CPU.ActiveCfg = Debug|Any CPU
		{69B133DE-222B-4061-BC13-CE345CF176FD}.Debug|Any CPU.Build.0 = Debug|Any CPU
		{69B133DE-222B-4061-BC13-CE345CF176FD}.Release|Any CPU.ActiveCfg = Release|Any CPU
		{69B133DE-222B-4061-BC13-CE345CF176FD}.Release|Any CPU.Build.0 = Release|Any CPU
		{A4759F20-0E7D-41A5-B0C0-239FED8D9383}.Debug|Any CPU.ActiveCfg = Debug|Any CPU
		{A4759F20-0E7D-41A5-B0C0-239FED8D9383}.Debug|Any CPU.Build.0 = Debug|Any CPU
		{A4759F20-0E7D-41A5-B0C0-239FED8D9383}.Release|Any CPU.ActiveCfg = Release|Any CPU
		{A4759F20-0E7D-41A5-B0C0-239FED8D9383}.Release|Any CPU.Build.0 = Release|Any CPU
	EndGlobalSection
	GlobalSection(SolutionProperties) = preSolution
		HideSolutionNode = FALSE
	EndGlobalSection
	GlobalSection(ExtensibilityGlobals) = postSolution
		SolutionGuid = {0ADE0FC4-C99F-477D-B34E-5B3EBA62DAA1}
	EndGlobalSection
EndGlobal
